{
  "name": "reveal.js",
  "version": "3.6.0",
  "lockfileVersion": 1,
  "requires": true,
  "dependencies": {
    "highlight.js": {
      "version": "9.12.0",
      "resolved": "https://registry.npmjs.org/highlight.js/-/highlight.js-9.12.0.tgz",
      "integrity": "sha1-5tnb5Xy+/mB1HwKvM2GVhwyQwB4="
    },
    "reveal-code-focus": {
      "version": "1.0.0",
      "resolved": "https://registry.npmjs.org/reveal-code-focus/-/reveal-code-focus-1.0.0.tgz",
      "integrity": "sha1-gXuSTHwiQc/VotcHMPDMqvm94FY="
    }
  }
}
